Microsoft Visual Studio Solution File, Format Version 12.00
# Visual Studio Version 16
VisualStudioVersion = 16.0.31321.278
MinimumVisualStudioVersion = 10.0.40219.1
Project("{FAE04EC0-301F-11D3-BF4B-00C04F79EFBC}") = "Week07_Lab2", "Week07_Lab2\Week07_Lab2.csproj", "{2ACB973A-F55A-4D9F-8255-BFD8687FB9F7}"
EndProject
Global
	GlobalSection(SolutionConfigurationPlatforms) = preSolution
		Debug|Any CPU = Debug|Any CPU
		Release|Any CPU = Release|Any CPU
	EndGlobalSection
	GlobalSection(ProjectConfigurationPlatforms) = postSolution
		{2ACB973A-F55A-4D9F-8255-BFD8687FB9F7}.Debug|Any CPU.ActiveCfg = Debug|Any CPU
		{2ACB973A-F55A-4D9F-8255-BFD8687FB9F7}.Debug|Any CPU.Build.0 = Debug|Any CPU
		{2ACB973A-F55A-4D9F-8255-BFD8687FB9F7}.Release|Any CPU.ActiveCfg = Release|Any CPU
		{2ACB973A-F55A-4D9F-8255-BFD8687FB9F7}.Release|Any CPU.Build.0 = Release|Any CPU
	EndGlobalSection
	GlobalSection(SolutionProperties) = preSolution
		HideSolutionNode = FALSE
	EndGlobalSection
	GlobalSection(ExtensibilityGlobals) = postSolution
		SolutionGuid = {0E8A58D0-08A0-4567-AE2D-2C2D24C281B9}
	EndGlobalSection
EndGlobal